dependencies:
  Molorius/esp32-websocket:
    component_hash: 6d276b23f85c21bbfe2630a951b063d6c2fa56c9209e254160e7b5c2034c5963
    dependencies: []
    source:
      git: https://github.com/Molorius/esp32-websocket
      path: .
      type: git
    version: b1bc497961fde04a863c17ac38f053b3fb100ffe
  espressif/mdns:
    component_hash: fe546a92ee741cfabf2c2bb52c9024314e1d0ad32b44794f45323a0ecf1543d7
    dependencies:
    - name: idf
      require: private
      version: '>=5.0'
    source:
      registry_url: https://components.espressif.com/
      type: service
    version: 1.7.0
  idf:
    source:
      type: idf
    version: 5.4.0
  snopnop2002/sqlite3:
    component_hash: 6f20e0e4fb6f6bf21dc3b54d332b1f750e7014a4feb1cbe940f6aa6289a7ab83
    dependencies: []
    source:
      git: https://github.com/nopnop2002/esp32-idf-sqlite3.git
      path: components/esp32-idf-sqlite3/
      type: git
    version: 4afa6d7d85159b7bc3591fcadc95751a3a53a5d3
direct_dependencies:
- Molorius/esp32-websocket
- espressif/mdns
- snopnop2002/sqlite3
manifest_hash: 2ed7311c005865803240c891a087c105e585c1ac2ff2a0c5085db334170178d8
target: esp32s3
version: 2.0.0
